
Microsoft Visual Studio Solution File, Format Version 12.00
# Visual Studio 15
VisualStudioVersion = 15.0.27130.2027
MinimumVisualStudioVersion = 10.0.40219.1
Project("{FAE04EC0-301F-11D3-BF4B-00C04F79EFBC}") = "HumptyDumpty", "HumptyDumpty\HumptyDumpty.csproj", "{1FAD9050-2346-460C-AF38-FF6CC0FF9711}"
EndProject
Global
	GlobalSection(SolutionConfigurationPlatforms) = preSolution
		Debug|Any CPU = Debug|Any CPU
		Release|Any CPU = Release|Any CPU
	EndGlobalSection
	GlobalSection(ProjectConfigurationPlatforms) = postSolution
		{1FAD9050-2346-460C-AF38-FF6CC0FF9711}.Debug|Any CPU.ActiveCfg = Debug|Any CPU
		{1FAD9050-2346-460C-AF38-FF6CC0FF9711}.Debug|Any CPU.Build.0 = Debug|Any CPU
		{1FAD9050-2346-460C-AF38-FF6CC0FF9711}.Release|Any CPU.ActiveCfg = Release|Any CPU
		{1FAD9050-2346-460C-AF38-FF6CC0FF9711}.Release|Any CPU.Build.0 = Release|Any CPU
	EndGlobalSection
	GlobalSection(SolutionProperties) = preSolution
		HideSolutionNode = FALSE
	EndGlobalSection
	GlobalSection(ExtensibilityGlobals) = postSolution
		SolutionGuid = {BB37A8A0-304F-48F9-9397-B6BEA28CB850}
	EndGlobalSection
EndGlobal
