
Microsoft Visual Studio Solution File, Format Version 12.00
# Visual Studio 15
VisualStudioVersion = 15.0.27130.2027
MinimumVisualStudioVersion = 10.0.40219.1
Project("{FAE04EC0-301F-11D3-BF4B-00C04F79EFBC}") = "DefineBasicInfo", "DefineBasicInfo\DefineBasicInfo.csproj", "{4E726C7B-26AE-44ED-9A67-7054C1A3F93D}"
EndProject
Global
	GlobalSection(SolutionConfigurationPlatforms) = preSolution
		Debug|Any CPU = Debug|Any CPU
		Release|Any CPU = Release|Any CPU
	EndGlobalSection
	GlobalSection(ProjectConfigurationPlatforms) = postSolution
		{4E726C7B-26AE-44ED-9A67-7054C1A3F93D}.Debug|Any CPU.ActiveCfg = Debug|Any CPU
		{4E726C7B-26AE-44ED-9A67-7054C1A3F93D}.Debug|Any CPU.Build.0 = Debug|Any CPU
		{4E726C7B-26AE-44ED-9A67-7054C1A3F93D}.Release|Any CPU.ActiveCfg = Release|Any CPU
		{4E726C7B-26AE-44ED-9A67-7054C1A3F93D}.Release|Any CPU.Build.0 = Release|Any CPU
	EndGlobalSection
	GlobalSection(SolutionProperties) = preSolution
		HideSolutionNode = FALSE
	EndGlobalSection
	GlobalSection(ExtensibilityGlobals) = postSolution
		SolutionGuid = {A4D63F00-FEBC-4C71-9768-86A7292C9CBE}
	EndGlobalSection
EndGlobal
