
Microsoft Visual Studio Solution File, Format Version 12.00
# Visual Studio 15
VisualStudioVersion = 15.0.27130.2027
MinimumVisualStudioVersion = 10.0.40219.1
Project("{FAE04EC0-301F-11D3-BF4B-00C04F79EFBC}") = "08 Strings again", "08 Strings again\08 Strings again.csproj", "{FC772C0B-CF25-4CA2-919C-1FF03CD148DD}"
EndProject
Global
	GlobalSection(SolutionConfigurationPlatforms) = preSolution
		Debug|Any CPU = Debug|Any CPU
		Release|Any CPU = Release|Any CPU
	EndGlobalSection
	GlobalSection(ProjectConfigurationPlatforms) = postSolution
		{FC772C0B-CF25-4CA2-919C-1FF03CD148DD}.Debug|Any CPU.ActiveCfg = Debug|Any CPU
		{FC772C0B-CF25-4CA2-919C-1FF03CD148DD}.Debug|Any CPU.Build.0 = Debug|Any CPU
		{FC772C0B-CF25-4CA2-919C-1FF03CD148DD}.Release|Any CPU.ActiveCfg = Release|Any CPU
		{FC772C0B-CF25-4CA2-919C-1FF03CD148DD}.Release|Any CPU.Build.0 = Release|Any CPU
	EndGlobalSection
	GlobalSection(SolutionProperties) = preSolution
		HideSolutionNode = FALSE
	EndGlobalSection
	GlobalSection(ExtensibilityGlobals) = postSolution
		SolutionGuid = {97C92A8D-E6AA-4794-9E13-8152BB65345B}
	EndGlobalSection
EndGlobal
