
Microsoft Visual Studio Solution File, Format Version 12.00
# Visual Studio 15
VisualStudioVersion = 15.0.27130.2027
MinimumVisualStudioVersion = 10.0.40219.1
Project("{FAE04EC0-301F-11D3-BF4B-00C04F79EFBC}") = "ParametricAverage muscle exam", "ParametricAverage muscle exam\ParametricAverage muscle exam.csproj", "{5D075E0C-1232-4FE7-BD30-3CCC9B291D7A}"
EndProject
Global
	GlobalSection(SolutionConfigurationPlatforms) = preSolution
		Debug|Any CPU = Debug|Any CPU
		Release|Any CPU = Release|Any CPU
	EndGlobalSection
	GlobalSection(ProjectConfigurationPlatforms) = postSolution
		{5D075E0C-1232-4FE7-BD30-3CCC9B291D7A}.Debug|Any CPU.ActiveCfg = Debug|Any CPU
		{5D075E0C-1232-4FE7-BD30-3CCC9B291D7A}.Debug|Any CPU.Build.0 = Debug|Any CPU
		{5D075E0C-1232-4FE7-BD30-3CCC9B291D7A}.Release|Any CPU.ActiveCfg = Release|Any CPU
		{5D075E0C-1232-4FE7-BD30-3CCC9B291D7A}.Release|Any CPU.Build.0 = Release|Any CPU
	EndGlobalSection
	GlobalSection(SolutionProperties) = preSolution
		HideSolutionNode = FALSE
	EndGlobalSection
	GlobalSection(ExtensibilityGlobals) = postSolution
		SolutionGuid = {1D9D65CD-F635-40AE-BA63-14F7C2C50A9C}
	EndGlobalSection
EndGlobal
