
Microsoft Visual Studio Solution File, Format Version 12.00
# Visual Studio 15
VisualStudioVersion = 15.0.27130.2027
MinimumVisualStudioVersion = 10.0.40219.1
Project("{FAE04EC0-301F-11D3-BF4B-00C04F79EFBC}") = "Line play", "Line play\Line play.csproj", "{A9EE65F7-D376-4AEC-A554-FF5DD67B5867}"
EndProject
Global
	GlobalSection(SolutionConfigurationPlatforms) = preSolution
		Debug|Any CPU = Debug|Any CPU
		Release|Any CPU = Release|Any CPU
	EndGlobalSection
	GlobalSection(ProjectConfigurationPlatforms) = postSolution
		{A9EE65F7-D376-4AEC-A554-FF5DD67B5867}.Debug|Any CPU.ActiveCfg = Debug|Any CPU
		{A9EE65F7-D376-4AEC-A554-FF5DD67B5867}.Debug|Any CPU.Build.0 = Debug|Any CPU
		{A9EE65F7-D376-4AEC-A554-FF5DD67B5867}.Release|Any CPU.ActiveCfg = Release|Any CPU
		{A9EE65F7-D376-4AEC-A554-FF5DD67B5867}.Release|Any CPU.Build.0 = Release|Any CPU
	EndGlobalSection
	GlobalSection(SolutionProperties) = preSolution
		HideSolutionNode = FALSE
	EndGlobalSection
	GlobalSection(ExtensibilityGlobals) = postSolution
		SolutionGuid = {CDA8931E-0A42-43C0-A07D-B8B45E6C91AA}
	EndGlobalSection
EndGlobal
