
Microsoft Visual Studio Solution File, Format Version 12.00
# Visual Studio 15
VisualStudioVersion = 15.0.27130.2027
MinimumVisualStudioVersion = 10.0.40219.1
Project("{FAE04EC0-301F-11D3-BF4B-00C04F79EFBC}") = "IntroduceYourself", "IntroduceYourself\IntroduceYourself.csproj", "{0CDEC343-1DED-4A57-9832-EF895DF01C19}"
EndProject
Global
	GlobalSection(SolutionConfigurationPlatforms) = preSolution
		Debug|Any CPU = Debug|Any CPU
		Release|Any CPU = Release|Any CPU
	EndGlobalSection
	GlobalSection(ProjectConfigurationPlatforms) = postSolution
		{0CDEC343-1DED-4A57-9832-EF895DF01C19}.Debug|Any CPU.ActiveCfg = Debug|Any CPU
		{0CDEC343-1DED-4A57-9832-EF895DF01C19}.Debug|Any CPU.Build.0 = Debug|Any CPU
		{0CDEC343-1DED-4A57-9832-EF895DF01C19}.Release|Any CPU.ActiveCfg = Release|Any CPU
		{0CDEC343-1DED-4A57-9832-EF895DF01C19}.Release|Any CPU.Build.0 = Release|Any CPU
	EndGlobalSection
	GlobalSection(SolutionProperties) = preSolution
		HideSolutionNode = FALSE
	EndGlobalSection
	GlobalSection(ExtensibilityGlobals) = postSolution
		SolutionGuid = {BCAC74FF-EFBF-4FB8-BC10-49E3EE7D2BAE}
	EndGlobalSection
EndGlobal
