
Microsoft Visual Studio Solution File, Format Version 12.00
# Visual Studio 15
VisualStudioVersion = 15.0.27130.2027
MinimumVisualStudioVersion = 10.0.40219.1
Project("{FAE04EC0-301F-11D3-BF4B-00C04F79EFBC}") = "Green Fox Organization", "Green Fox Organization\Green Fox Organization.csproj", "{5209FD9C-F4D3-417E-AA0A-298A5974F0E5}"
EndProject
Global
	GlobalSection(SolutionConfigurationPlatforms) = preSolution
		Debug|Any CPU = Debug|Any CPU
		Release|Any CPU = Release|Any CPU
	EndGlobalSection
	GlobalSection(ProjectConfigurationPlatforms) = postSolution
		{5209FD9C-F4D3-417E-AA0A-298A5974F0E5}.Debug|Any CPU.ActiveCfg = Debug|Any CPU
		{5209FD9C-F4D3-417E-AA0A-298A5974F0E5}.Debug|Any CPU.Build.0 = Debug|Any CPU
		{5209FD9C-F4D3-417E-AA0A-298A5974F0E5}.Release|Any CPU.ActiveCfg = Release|Any CPU
		{5209FD9C-F4D3-417E-AA0A-298A5974F0E5}.Release|Any CPU.Build.0 = Release|Any CPU
	EndGlobalSection
	GlobalSection(SolutionProperties) = preSolution
		HideSolutionNode = FALSE
	EndGlobalSection
	GlobalSection(ExtensibilityGlobals) = postSolution
		SolutionGuid = {BBD35701-6D8A-44D8-8DA8-86E819B2AD35}
	EndGlobalSection
EndGlobal
