
Microsoft Visual Studio Solution File, Format Version 12.00
# Visual Studio 15
VisualStudioVersion = 15.0.27130.2027
MinimumVisualStudioVersion = 10.0.40219.1
Project("{FAE04EC0-301F-11D3-BF4B-00C04F79EFBC}") = "CountFromTo", "CountFromTo\CountFromTo.csproj", "{67D28A7A-568E-4CF5-BB90-0AC462A4BC2C}"
EndProject
Global
	GlobalSection(SolutionConfigurationPlatforms) = preSolution
		Debug|Any CPU = Debug|Any CPU
		Release|Any CPU = Release|Any CPU
	EndGlobalSection
	GlobalSection(ProjectConfigurationPlatforms) = postSolution
		{67D28A7A-568E-4CF5-BB90-0AC462A4BC2C}.Debug|Any CPU.ActiveCfg = Debug|Any CPU
		{67D28A7A-568E-4CF5-BB90-0AC462A4BC2C}.Debug|Any CPU.Build.0 = Debug|Any CPU
		{67D28A7A-568E-4CF5-BB90-0AC462A4BC2C}.Release|Any CPU.ActiveCfg = Release|Any CPU
		{67D28A7A-568E-4CF5-BB90-0AC462A4BC2C}.Release|Any CPU.Build.0 = Release|Any CPU
	EndGlobalSection
	GlobalSection(SolutionProperties) = preSolution
		HideSolutionNode = FALSE
	EndGlobalSection
	GlobalSection(ExtensibilityGlobals) = postSolution
		SolutionGuid = {D1DCB25B-FE0C-43E1-97F6-53742FA05805}
	EndGlobalSection
EndGlobal
