
Microsoft Visual Studio Solution File, Format Version 12.00
# Visual Studio 15
VisualStudioVersion = 15.0.27130.2027
MinimumVisualStudioVersion = 10.0.40219.1
Project("{FAE04EC0-301F-11D3-BF4B-00C04F79EFBC}") = "HelloUser", "HelloUser\HelloUser.csproj", "{14B6017D-6CEB-4DA1-B2EF-E37B173C2492}"
EndProject
Global
	GlobalSection(SolutionConfigurationPlatforms) = preSolution
		Debug|Any CPU = Debug|Any CPU
		Release|Any CPU = Release|Any CPU
	EndGlobalSection
	GlobalSection(ProjectConfigurationPlatforms) = postSolution
		{14B6017D-6CEB-4DA1-B2EF-E37B173C2492}.Debug|Any CPU.ActiveCfg = Debug|Any CPU
		{14B6017D-6CEB-4DA1-B2EF-E37B173C2492}.Debug|Any CPU.Build.0 = Debug|Any CPU
		{14B6017D-6CEB-4DA1-B2EF-E37B173C2492}.Release|Any CPU.ActiveCfg = Release|Any CPU
		{14B6017D-6CEB-4DA1-B2EF-E37B173C2492}.Release|Any CPU.Build.0 = Release|Any CPU
	EndGlobalSection
	GlobalSection(SolutionProperties) = preSolution
		HideSolutionNode = FALSE
	EndGlobalSection
	GlobalSection(ExtensibilityGlobals) = postSolution
		SolutionGuid = {D9A5056F-90A3-43BB-97F1-3E0FB3BB6A2A}
	EndGlobalSection
EndGlobal
