
Microsoft Visual Studio Solution File, Format Version 12.00
# Visual Studio 15
VisualStudioVersion = 15.0.27130.2027
MinimumVisualStudioVersion = 10.0.40219.1
Project("{FAE04EC0-301F-11D3-BF4B-00C04F79EFBC}") = "DrawSquare muscle", "DrawSquare muscle\DrawSquare muscle.csproj", "{F8115247-9DC7-43F9-8152-803F8033439B}"
EndProject
Global
	GlobalSection(SolutionConfigurationPlatforms) = preSolution
		Debug|Any CPU = Debug|Any CPU
		Release|Any CPU = Release|Any CPU
	EndGlobalSection
	GlobalSection(ProjectConfigurationPlatforms) = postSolution
		{F8115247-9DC7-43F9-8152-803F8033439B}.Debug|Any CPU.ActiveCfg = Debug|Any CPU
		{F8115247-9DC7-43F9-8152-803F8033439B}.Debug|Any CPU.Build.0 = Debug|Any CPU
		{F8115247-9DC7-43F9-8152-803F8033439B}.Release|Any CPU.ActiveCfg = Release|Any CPU
		{F8115247-9DC7-43F9-8152-803F8033439B}.Release|Any CPU.Build.0 = Release|Any CPU
	EndGlobalSection
	GlobalSection(SolutionProperties) = preSolution
		HideSolutionNode = FALSE
	EndGlobalSection
	GlobalSection(ExtensibilityGlobals) = postSolution
		SolutionGuid = {CF8DEBEC-F551-4788-8C04-BF26313A1279}
	EndGlobalSection
EndGlobal
