
Microsoft Visual Studio Solution File, Format Version 12.00
# Visual Studio 15
VisualStudioVersion = 15.0.27130.2027
MinimumVisualStudioVersion = 10.0.40219.1
Project("{FAE04EC0-301F-11D3-BF4B-00C04F79EFBC}") = "Write single line", "Write single line\Write single line.csproj", "{8DBC780B-6F37-401B-A54B-C31B6E6D66B3}"
EndProject
Global
	GlobalSection(SolutionConfigurationPlatforms) = preSolution
		Debug|Any CPU = Debug|Any CPU
		Release|Any CPU = Release|Any CPU
	EndGlobalSection
	GlobalSection(ProjectConfigurationPlatforms) = postSolution
		{8DBC780B-6F37-401B-A54B-C31B6E6D66B3}.Debug|Any CPU.ActiveCfg = Debug|Any CPU
		{8DBC780B-6F37-401B-A54B-C31B6E6D66B3}.Debug|Any CPU.Build.0 = Debug|Any CPU
		{8DBC780B-6F37-401B-A54B-C31B6E6D66B3}.Release|Any CPU.ActiveCfg = Release|Any CPU
		{8DBC780B-6F37-401B-A54B-C31B6E6D66B3}.Release|Any CPU.Build.0 = Release|Any CPU
	EndGlobalSection
	GlobalSection(SolutionProperties) = preSolution
		HideSolutionNode = FALSE
	EndGlobalSection
	GlobalSection(ExtensibilityGlobals) = postSolution
		SolutionGuid = {26F3E142-8F64-4719-A949-86462492C34C}
	EndGlobalSection
EndGlobal
