
Microsoft Visual Studio Solution File, Format Version 12.00
# Visual Studio 15
VisualStudioVersion = 15.0.27130.2027
MinimumVisualStudioVersion = 10.0.40219.1
Project("{FAE04EC0-301F-11D3-BF4B-00C04F79EFBC}") = "Tic-Tac-Toe", "Tic-Tac-Toe\Tic-Tac-Toe.csproj", "{0F9A4C4A-5E70-4502-A630-6F2729BFDCD0}"
EndProject
Global
	GlobalSection(SolutionConfigurationPlatforms) = preSolution
		Debug|Any CPU = Debug|Any CPU
		Release|Any CPU = Release|Any CPU
	EndGlobalSection
	GlobalSection(ProjectConfigurationPlatforms) = postSolution
		{0F9A4C4A-5E70-4502-A630-6F2729BFDCD0}.Debug|Any CPU.ActiveCfg = Debug|Any CPU
		{0F9A4C4A-5E70-4502-A630-6F2729BFDCD0}.Debug|Any CPU.Build.0 = Debug|Any CPU
		{0F9A4C4A-5E70-4502-A630-6F2729BFDCD0}.Release|Any CPU.ActiveCfg = Release|Any CPU
		{0F9A4C4A-5E70-4502-A630-6F2729BFDCD0}.Release|Any CPU.Build.0 = Release|Any CPU
	EndGlobalSection
	GlobalSection(SolutionProperties) = preSolution
		HideSolutionNode = FALSE
	EndGlobalSection
	GlobalSection(ExtensibilityGlobals) = postSolution
		SolutionGuid = {FA4E0336-AC9E-4263-B70B-55FC2F9FDA0B}
	EndGlobalSection
EndGlobal
