
Microsoft Visual Studio Solution File, Format Version 12.00
# Visual Studio 15
VisualStudioVersion = 15.0.27130.2027
MinimumVisualStudioVersion = 10.0.40219.1
Project("{FAE04EC0-301F-11D3-BF4B-00C04F79EFBC}") = "strings01", "strings01\strings01.csproj", "{46F0C157-2B2D-4195-A538-6ABF9B2788B6}"
EndProject
Global
	GlobalSection(SolutionConfigurationPlatforms) = preSolution
		Debug|Any CPU = Debug|Any CPU
		Release|Any CPU = Release|Any CPU
	EndGlobalSection
	GlobalSection(ProjectConfigurationPlatforms) = postSolution
		{46F0C157-2B2D-4195-A538-6ABF9B2788B6}.Debug|Any CPU.ActiveCfg = Debug|Any CPU
		{46F0C157-2B2D-4195-A538-6ABF9B2788B6}.Debug|Any CPU.Build.0 = Debug|Any CPU
		{46F0C157-2B2D-4195-A538-6ABF9B2788B6}.Release|Any CPU.ActiveCfg = Release|Any CPU
		{46F0C157-2B2D-4195-A538-6ABF9B2788B6}.Release|Any CPU.Build.0 = Release|Any CPU
	EndGlobalSection
	GlobalSection(SolutionProperties) = preSolution
		HideSolutionNode = FALSE
	EndGlobalSection
	GlobalSection(ExtensibilityGlobals) = postSolution
		SolutionGuid = {F959088F-C7EB-441C-B5C3-1C3DB247B334}
	EndGlobalSection
EndGlobal
