
Microsoft Visual Studio Solution File, Format Version 12.00
# Visual Studio 15
VisualStudioVersion = 15.0.27130.2027
MinimumVisualStudioVersion = 10.0.40219.1
Project("{FAE04EC0-301F-11D3-BF4B-00C04F79EFBC}") = "Print arguments", "Print arguments\Print arguments.csproj", "{AEEBD6B5-BAD9-4C66-A6BA-9C298799ADCC}"
EndProject
Global
	GlobalSection(SolutionConfigurationPlatforms) = preSolution
		Debug|Any CPU = Debug|Any CPU
		Release|Any CPU = Release|Any CPU
	EndGlobalSection
	GlobalSection(ProjectConfigurationPlatforms) = postSolution
		{AEEBD6B5-BAD9-4C66-A6BA-9C298799ADCC}.Debug|Any CPU.ActiveCfg = Debug|Any CPU
		{AEEBD6B5-BAD9-4C66-A6BA-9C298799ADCC}.Debug|Any CPU.Build.0 = Debug|Any CPU
		{AEEBD6B5-BAD9-4C66-A6BA-9C298799ADCC}.Release|Any CPU.ActiveCfg = Release|Any CPU
		{AEEBD6B5-BAD9-4C66-A6BA-9C298799ADCC}.Release|Any CPU.Build.0 = Release|Any CPU
	EndGlobalSection
	GlobalSection(SolutionProperties) = preSolution
		HideSolutionNode = FALSE
	EndGlobalSection
	GlobalSection(ExtensibilityGlobals) = postSolution
		SolutionGuid = {5C6DF5A7-21D5-4C4C-9470-D63045D84023}
	EndGlobalSection
EndGlobal
