
Microsoft Visual Studio Solution File, Format Version 12.00
# Visual Studio 15
VisualStudioVersion = 15.0.27130.2027
MinimumVisualStudioVersion = 10.0.40219.1
Project("{FAE04EC0-301F-11D3-BF4B-00C04F79EFBC}") = "DrawTriangle", "DrawTriangle\DrawTriangle.csproj", "{0E59C8D0-AD43-49DE-8500-70ED57326A69}"
EndProject
Global
	GlobalSection(SolutionConfigurationPlatforms) = preSolution
		Debug|Any CPU = Debug|Any CPU
		Release|Any CPU = Release|Any CPU
	EndGlobalSection
	GlobalSection(ProjectConfigurationPlatforms) = postSolution
		{0E59C8D0-AD43-49DE-8500-70ED57326A69}.Debug|Any CPU.ActiveCfg = Debug|Any CPU
		{0E59C8D0-AD43-49DE-8500-70ED57326A69}.Debug|Any CPU.Build.0 = Debug|Any CPU
		{0E59C8D0-AD43-49DE-8500-70ED57326A69}.Release|Any CPU.ActiveCfg = Release|Any CPU
		{0E59C8D0-AD43-49DE-8500-70ED57326A69}.Release|Any CPU.Build.0 = Release|Any CPU
	EndGlobalSection
	GlobalSection(SolutionProperties) = preSolution
		HideSolutionNode = FALSE
	EndGlobalSection
	GlobalSection(ExtensibilityGlobals) = postSolution
		SolutionGuid = {2BEC5943-1EB7-43F4-9F05-36D0FC76E37A}
	EndGlobalSection
EndGlobal
