
Microsoft Visual Studio Solution File, Format Version 12.00
# Visual Studio 15
VisualStudioVersion = 15.0.27130.2027
MinimumVisualStudioVersion = 10.0.40219.1
Project("{FAE04EC0-301F-11D3-BF4B-00C04F79EFBC}") = "Matrix", "Matrix\Matrix.csproj", "{3BB9D460-4D11-4486-AD47-029336E2F817}"
EndProject
Global
	GlobalSection(SolutionConfigurationPlatforms) = preSolution
		Debug|Any CPU = Debug|Any CPU
		Release|Any CPU = Release|Any CPU
	EndGlobalSection
	GlobalSection(ProjectConfigurationPlatforms) = postSolution
		{3BB9D460-4D11-4486-AD47-029336E2F817}.Debug|Any CPU.ActiveCfg = Debug|Any CPU
		{3BB9D460-4D11-4486-AD47-029336E2F817}.Debug|Any CPU.Build.0 = Debug|Any CPU
		{3BB9D460-4D11-4486-AD47-029336E2F817}.Release|Any CPU.ActiveCfg = Release|Any CPU
		{3BB9D460-4D11-4486-AD47-029336E2F817}.Release|Any CPU.Build.0 = Release|Any CPU
	EndGlobalSection
	GlobalSection(SolutionProperties) = preSolution
		HideSolutionNode = FALSE
	EndGlobalSection
	GlobalSection(ExtensibilityGlobals) = postSolution
		SolutionGuid = {2C23F889-30EE-4686-8A94-99D6676B17E1}
	EndGlobalSection
EndGlobal
