
Microsoft Visual Studio Solution File, Format Version 12.00
# Visual Studio 15
VisualStudioVersion = 15.0.27130.2027
MinimumVisualStudioVersion = 10.0.40219.1
Project("{FAE04EC0-301F-11D3-BF4B-00C04F79EFBC}") = "Checkerboard", "Checkerboard\Checkerboard.csproj", "{36AD8BEE-9044-4E01-99EC-99A9A2BE996D}"
EndProject
Global
	GlobalSection(SolutionConfigurationPlatforms) = preSolution
		Debug|Any CPU = Debug|Any CPU
		Release|Any CPU = Release|Any CPU
	EndGlobalSection
	GlobalSection(ProjectConfigurationPlatforms) = postSolution
		{36AD8BEE-9044-4E01-99EC-99A9A2BE996D}.Debug|Any CPU.ActiveCfg = Debug|Any CPU
		{36AD8BEE-9044-4E01-99EC-99A9A2BE996D}.Debug|Any CPU.Build.0 = Debug|Any CPU
		{36AD8BEE-9044-4E01-99EC-99A9A2BE996D}.Release|Any CPU.ActiveCfg = Release|Any CPU
		{36AD8BEE-9044-4E01-99EC-99A9A2BE996D}.Release|Any CPU.Build.0 = Release|Any CPU
	EndGlobalSection
	GlobalSection(SolutionProperties) = preSolution
		HideSolutionNode = FALSE
	EndGlobalSection
	GlobalSection(ExtensibilityGlobals) = postSolution
		SolutionGuid = {30BB11DD-AE7C-46EE-860C-DB6B682A5DAC}
	EndGlobalSection
EndGlobal
