
Microsoft Visual Studio Solution File, Format Version 12.00
# Visual Studio 15
VisualStudioVersion = 15.0.27130.2027
MinimumVisualStudioVersion = 10.0.40219.1
Project("{FAE04EC0-301F-11D3-BF4B-00C04F79EFBC}") = "Everything goes to center", "Everything goes to center\Everything goes to center.csproj", "{D594C73E-ED80-4651-A20F-83FDC5BA4BAE}"
EndProject
Global
	GlobalSection(SolutionConfigurationPlatforms) = preSolution
		Debug|Any CPU = Debug|Any CPU
		Release|Any CPU = Release|Any CPU
	EndGlobalSection
	GlobalSection(ProjectConfigurationPlatforms) = postSolution
		{D594C73E-ED80-4651-A20F-83FDC5BA4BAE}.Debug|Any CPU.ActiveCfg = Debug|Any CPU
		{D594C73E-ED80-4651-A20F-83FDC5BA4BAE}.Debug|Any CPU.Build.0 = Debug|Any CPU
		{D594C73E-ED80-4651-A20F-83FDC5BA4BAE}.Release|Any CPU.ActiveCfg = Release|Any CPU
		{D594C73E-ED80-4651-A20F-83FDC5BA4BAE}.Release|Any CPU.Build.0 = Release|Any CPU
	EndGlobalSection
	GlobalSection(SolutionProperties) = preSolution
		HideSolutionNode = FALSE
	EndGlobalSection
	GlobalSection(ExtensibilityGlobals) = postSolution
		SolutionGuid = {AE9CE96E-EE78-4152-BA04-36C34FA8C5AF}
	EndGlobalSection
EndGlobal
