
Microsoft Visual Studio Solution File, Format Version 12.00
# Visual Studio 15
VisualStudioVersion = 15.0.27130.2027
MinimumVisualStudioVersion = 10.0.40219.1
Project("{FAE04EC0-301F-11D3-BF4B-00C04F79EFBC}") = "PartyIndicator", "PartyIndicator\PartyIndicator.csproj", "{5227F058-2CEB-4AA2-BF59-DFFB0E630B7F}"
EndProject
Global
	GlobalSection(SolutionConfigurationPlatforms) = preSolution
		Debug|Any CPU = Debug|Any CPU
		Release|Any CPU = Release|Any CPU
	EndGlobalSection
	GlobalSection(ProjectConfigurationPlatforms) = postSolution
		{5227F058-2CEB-4AA2-BF59-DFFB0E630B7F}.Debug|Any CPU.ActiveCfg = Debug|Any CPU
		{5227F058-2CEB-4AA2-BF59-DFFB0E630B7F}.Debug|Any CPU.Build.0 = Debug|Any CPU
		{5227F058-2CEB-4AA2-BF59-DFFB0E630B7F}.Release|Any CPU.ActiveCfg = Release|Any CPU
		{5227F058-2CEB-4AA2-BF59-DFFB0E630B7F}.Release|Any CPU.Build.0 = Release|Any CPU
	EndGlobalSection
	GlobalSection(SolutionProperties) = preSolution
		HideSolutionNode = FALSE
	EndGlobalSection
	GlobalSection(ExtensibilityGlobals) = postSolution
		SolutionGuid = {A3ECD036-3E66-4BC0-AEA7-B43117043E5A}
	EndGlobalSection
EndGlobal
