
Microsoft Visual Studio Solution File, Format Version 12.00
# Visual Studio 15
VisualStudioVersion = 15.0.27130.2027
MinimumVisualStudioVersion = 10.0.40219.1
Project("{FAE04EC0-301F-11D3-BF4B-00C04F79EFBC}") = "MultiplicationTable", "MultiplicationTable\MultiplicationTable.csproj", "{952340E6-2262-47D1-BB0C-0416F1DDE515}"
EndProject
Global
	GlobalSection(SolutionConfigurationPlatforms) = preSolution
		Debug|Any CPU = Debug|Any CPU
		Release|Any CPU = Release|Any CPU
	EndGlobalSection
	GlobalSection(ProjectConfigurationPlatforms) = postSolution
		{952340E6-2262-47D1-BB0C-0416F1DDE515}.Debug|Any CPU.ActiveCfg = Debug|Any CPU
		{952340E6-2262-47D1-BB0C-0416F1DDE515}.Debug|Any CPU.Build.0 = Debug|Any CPU
		{952340E6-2262-47D1-BB0C-0416F1DDE515}.Release|Any CPU.ActiveCfg = Release|Any CPU
		{952340E6-2262-47D1-BB0C-0416F1DDE515}.Release|Any CPU.Build.0 = Release|Any CPU
	EndGlobalSection
	GlobalSection(SolutionProperties) = preSolution
		HideSolutionNode = FALSE
	EndGlobalSection
	GlobalSection(ExtensibilityGlobals) = postSolution
		SolutionGuid = {9DB75A1C-0041-4CB2-B2B9-D678FC0B2654}
	EndGlobalSection
EndGlobal
