
Microsoft Visual Studio Solution File, Format Version 12.00
# Visual Studio 15
VisualStudioVersion = 15.0.27130.2027
MinimumVisualStudioVersion = 10.0.40219.1
Project("{FAE04EC0-301F-11D3-BF4B-00C04F79EFBC}") = "Doubling", "Doubling\Doubling.csproj", "{A197B1DC-FAFC-4D46-ACAB-52EEE47E0B17}"
EndProject
Global
	GlobalSection(SolutionConfigurationPlatforms) = preSolution
		Debug|Any CPU = Debug|Any CPU
		Release|Any CPU = Release|Any CPU
	EndGlobalSection
	GlobalSection(ProjectConfigurationPlatforms) = postSolution
		{A197B1DC-FAFC-4D46-ACAB-52EEE47E0B17}.Debug|Any CPU.ActiveCfg = Debug|Any CPU
		{A197B1DC-FAFC-4D46-ACAB-52EEE47E0B17}.Debug|Any CPU.Build.0 = Debug|Any CPU
		{A197B1DC-FAFC-4D46-ACAB-52EEE47E0B17}.Release|Any CPU.ActiveCfg = Release|Any CPU
		{A197B1DC-FAFC-4D46-ACAB-52EEE47E0B17}.Release|Any CPU.Build.0 = Release|Any CPU
	EndGlobalSection
	GlobalSection(SolutionProperties) = preSolution
		HideSolutionNode = FALSE
	EndGlobalSection
	GlobalSection(ExtensibilityGlobals) = postSolution
		SolutionGuid = {0D8A467B-0FCC-4834-8BB4-4519EF0CEB1D}
	EndGlobalSection
EndGlobal
