
Microsoft Visual Studio Solution File, Format Version 12.00
# Visual Studio 15
VisualStudioVersion = 15.0.27428.2005
MinimumVisualStudioVersion = 10.0.40219.1
Project("{FAE04EC0-301F-11D3-BF4B-00C04F79EFBC}") = "Exercise9", "Exercise9\Exercise9.csproj", "{3DDC9969-D897-4F93-941D-C4C8E70BBB55}"
EndProject
Global
	GlobalSection(SolutionConfigurationPlatforms) = preSolution
		Debug|Any CPU = Debug|Any CPU
		Release|Any CPU = Release|Any CPU
	EndGlobalSection
	GlobalSection(ProjectConfigurationPlatforms) = postSolution
		{3DDC9969-D897-4F93-941D-C4C8E70BBB55}.Debug|Any CPU.ActiveCfg = Debug|Any CPU
		{3DDC9969-D897-4F93-941D-C4C8E70BBB55}.Debug|Any CPU.Build.0 = Debug|Any CPU
		{3DDC9969-D897-4F93-941D-C4C8E70BBB55}.Release|Any CPU.ActiveCfg = Release|Any CPU
		{3DDC9969-D897-4F93-941D-C4C8E70BBB55}.Release|Any CPU.Build.0 = Release|Any CPU
	EndGlobalSection
	GlobalSection(SolutionProperties) = preSolution
		HideSolutionNode = FALSE
	EndGlobalSection
	GlobalSection(ExtensibilityGlobals) = postSolution
		SolutionGuid = {E6DBE0E4-80EA-47C5-9E65-983AC6C74EC8}
	EndGlobalSection
EndGlobal
