
Microsoft Visual Studio Solution File, Format Version 12.00
# Visual Studio 15
VisualStudioVersion = 15.0.27130.2027
MinimumVisualStudioVersion = 10.0.40219.1
Project("{FAE04EC0-301F-11D3-BF4B-00C04F79EFBC}") = "Anagram", "Anagram\Anagram.csproj", "{AA5FF43B-E7CF-49F8-9E1F-E0625979FA31}"
EndProject
Project("{FAE04EC0-301F-11D3-BF4B-00C04F79EFBC}") = "TestAnagram", "TestAnagram\TestAnagram.csproj", "{BBD6F93D-7B8E-4A05-A0D4-CB2323657B72}"
EndProject
Global
	GlobalSection(SolutionConfigurationPlatforms) = preSolution
		Debug|Any CPU = Debug|Any CPU
		Release|Any CPU = Release|Any CPU
	EndGlobalSection
	GlobalSection(ProjectConfigurationPlatforms) = postSolution
		{AA5FF43B-E7CF-49F8-9E1F-E0625979FA31}.Debug|Any CPU.ActiveCfg = Debug|Any CPU
		{AA5FF43B-E7CF-49F8-9E1F-E0625979FA31}.Debug|Any CPU.Build.0 = Debug|Any CPU
		{AA5FF43B-E7CF-49F8-9E1F-E0625979FA31}.Release|Any CPU.ActiveCfg = Release|Any CPU
		{AA5FF43B-E7CF-49F8-9E1F-E0625979FA31}.Release|Any CPU.Build.0 = Release|Any CPU
		{BBD6F93D-7B8E-4A05-A0D4-CB2323657B72}.Debug|Any CPU.ActiveCfg = Debug|Any CPU
		{BBD6F93D-7B8E-4A05-A0D4-CB2323657B72}.Debug|Any CPU.Build.0 = Debug|Any CPU
		{BBD6F93D-7B8E-4A05-A0D4-CB2323657B72}.Release|Any CPU.ActiveCfg = Release|Any CPU
		{BBD6F93D-7B8E-4A05-A0D4-CB2323657B72}.Release|Any CPU.Build.0 = Release|Any CPU
	EndGlobalSection
	GlobalSection(SolutionProperties) = preSolution
		HideSolutionNode = FALSE
	EndGlobalSection
	GlobalSection(ExtensibilityGlobals) = postSolution
		SolutionGuid = {1AE6D79F-7067-4019-AC7B-C1AF5A072785}
	EndGlobalSection
EndGlobal
